
Microsoft Visual Studio Solution File, Format Version 12.00
# Visual Studio Version 17
VisualStudioVersion = 17.11.35312.102
MinimumVisualStudioVersion = 10.0.40219.1
Project("{FAE04EC0-301F-11D3-BF4B-00C04F79EFBC}") = "AdressenVerwaltung", "AdressenVerwaltung\AdressenVerwaltung.csproj", "{D30AB955-B653-4B92-851B-57CEEA69CE24}"
EndProject
Global
	GlobalSection(SolutionConfigurationPlatforms) = preSolution
		Debug|Any CPU = Debug|Any CPU
		Release|Any CPU = Release|Any CPU
	EndGlobalSection
	GlobalSection(ProjectConfigurationPlatforms) = postSolution
		{D30AB955-B653-4B92-851B-57CEEA69CE24}.Debug|Any CPU.ActiveCfg = Debug|Any CPU
		{D30AB955-B653-4B92-851B-57CEEA69CE24}.Debug|Any CPU.Build.0 = Debug|Any CPU
		{D30AB955-B653-4B92-851B-57CEEA69CE24}.Release|Any CPU.ActiveCfg = Release|Any CPU
		{D30AB955-B653-4B92-851B-57CEEA69CE24}.Release|Any CPU.Build.0 = Release|Any CPU
	EndGlobalSection
	GlobalSection(SolutionProperties) = preSolution
		HideSolutionNode = FALSE
	EndGlobalSection
	GlobalSection(ExtensibilityGlobals) = postSolution
		SolutionGuid = {BD741AFA-5AD1-4E1B-A839-CD5E6BCD7E5E}
	EndGlobalSection
EndGlobal
